
Microsoft Visual Studio Solution File, Format Version 12.00
Project("{FAE04EC0-301F-11D3-BF4B-00C04F79EFBC}") = "RemoteOS.Server", "RemoteOS.Server\RemoteOS.Server.csproj", "{46378F7B-965E-4C27-B39D-6978E711E8F0}"
EndProject
Project("{FAE04EC0-301F-11D3-BF4B-00C04F79EFBC}") = "RemoteOS.Guardian.Agent", "RemoteOS.Guardian.Agent\RemoteOS.Guardian.Agent.csproj", "{C0F4FD50-F1FD-4D5C-A289-458756CD09CD}"
EndProject
Project("{FAE04EC0-301F-11D3-BF4B-00C04F79EFBC}") = "RemoteOS.PrivilegedHelper", "RemoteOS.PrivilegedHelper\RemoteOS.PrivilegedHelper.csproj", "{9C8D5F19-2D72-4A80-A2AA-995C4046D6E1}"
EndProject
Project("{FAE04EC0-301F-11D3-BF4B-00C04F79EFBC}") = "RemoteOS.Client", "Client\RemoteOS.Client\RemoteOS.Client.csproj", "{5DA7C3AC-49BE-449E-AA8F-5E2228798942}"
EndProject
Project("{FAE04EC0-301F-11D3-BF4B-00C04F79EFBC}") = "RemoteOS.Client.Desktop", "Client\RemoteOS.Client.Desktop\RemoteOS.Client.Desktop.csproj", "{6F81C824-3A52-49D8-A100-399FB3EA120E}"
EndProject
Project("{FAE04EC0-301F-11D3-BF4B-00C04F79EFBC}") = "RemoteOS.Core", "Framework\RemoteOS.Core\RemoteOS.Core.csproj", "{187D6C02-6334-4536-87D8-43ACE24C06C9}"
EndProject
Project("{FAE04EC0-301F-11D3-BF4B-00C04F79EFBC}") = "RemoteOS.UI", "Framework\RemoteOS.UI\RemoteOS.UI.csproj", "{8615B19B-2D1F-4C36-BF1E-7FD03856F330}"
EndProject
Project("{FAE04EC0-301F-11D3-BF4B-00C04F79EFBC}") = "RemoteOS.WindowManager", "Framework\RemoteOS.WindowManager\RemoteOS.WindowManager.csproj", "{C3E8B69B-39C2-4623-B043-73DB7B6CC5D8}"
EndProject
Project("{FAE04EC0-301F-11D3-BF4B-00C04F79EFBC}") = "RemoteOS.Runtime", "Framework\RemoteOS.Runtime\RemoteOS.Runtime.csproj", "{8DB15B6F-24C4-4F9A-96FB-AEAE8FA2B491}"
EndProject
Project("{FAE04EC0-301F-11D3-BF4B-00C04F79EFBC}") = "RemoteOS.App.SDK", "Framework\RemoteOS.App.SDK\RemoteOS.App.SDK.csproj", "{6440F8FC-C00F-48D0-858F-E9424A03F351}"
EndProject
Project("{FAE04EC0-301F-11D3-BF4B-00C04F79EFBC}") = "RemoteOS.Protocol", "Shared\RemoteOS.Protocol\RemoteOS.Protocol.csproj", "{1B0F59CE-C2BB-46DE-9C75-712A850E45CD}"
EndProject
Global
	GlobalSection(SolutionConfigurationPlatforms) = preSolution
		Debug|Any CPU = Debug|Any CPU
		Release|Any CPU = Release|Any CPU
	EndGlobalSection
	GlobalSection(ProjectConfigurationPlatforms) = postSolution
		{46378F7B-965E-4C27-B39D-6978E711E8F0}.Debug|Any CPU.ActiveCfg = Debug|Any CPU
		{46378F7B-965E-4C27-B39D-6978E711E8F0}.Debug|Any CPU.Build.0 = Debug|Any CPU
		{46378F7B-965E-4C27-B39D-6978E711E8F0}.Release|Any CPU.ActiveCfg = Release|Any CPU
		{46378F7B-965E-4C27-B39D-6978E711E8F0}.Release|Any CPU.Build.0 = Release|Any CPU
		{C0F4FD50-F1FD-4D5C-A289-458756CD09CD}.Debug|Any CPU.ActiveCfg = Debug|Any CPU
		{C0F4FD50-F1FD-4D5C-A289-458756CD09CD}.Debug|Any CPU.Build.0 = Debug|Any CPU
		{C0F4FD50-F1FD-4D5C-A289-458756CD09CD}.Release|Any CPU.ActiveCfg = Release|Any CPU
		{C0F4FD50-F1FD-4D5C-A289-458756CD09CD}.Release|Any CPU.Build.0 = Release|Any CPU
		{9C8D5F19-2D72-4A80-A2AA-995C4046D6E1}.Debug|Any CPU.ActiveCfg = Debug|Any CPU
		{9C8D5F19-2D72-4A80-A2AA-995C4046D6E1}.Debug|Any CPU.Build.0 = Debug|Any CPU
		{9C8D5F19-2D72-4A80-A2AA-995C4046D6E1}.Release|Any CPU.ActiveCfg = Release|Any CPU
		{9C8D5F19-2D72-4A80-A2AA-995C4046D6E1}.Release|Any CPU.Build.0 = Release|Any CPU
		{5DA7C3AC-49BE-449E-AA8F-5E2228798942}.Debug|Any CPU.ActiveCfg = Debug|Any CPU
		{5DA7C3AC-49BE-449E-AA8F-5E2228798942}.Debug|Any CPU.Build.0 = Debug|Any CPU
		{5DA7C3AC-49BE-449E-AA8F-5E2228798942}.Release|Any CPU.ActiveCfg = Release|Any CPU
		{5DA7C3AC-49BE-449E-AA8F-5E2228798942}.Release|Any CPU.Build.0 = Release|Any CPU
		{6F81C824-3A52-49D8-A100-399FB3EA120E}.Debug|Any CPU.ActiveCfg = Debug|Any CPU
		{6F81C824-3A52-49D8-A100-399FB3EA120E}.Debug|Any CPU.Build.0 = Debug|Any CPU
		{6F81C824-3A52-49D8-A100-399FB3EA120E}.Release|Any CPU.ActiveCfg = Release|Any CPU
		{6F81C824-3A52-49D8-A100-399FB3EA120E}.Release|Any CPU.Build.0 = Release|Any CPU
		{187D6C02-6334-4536-87D8-43ACE24C06C9}.Debug|Any CPU.ActiveCfg = Debug|Any CPU
		{187D6C02-6334-4536-87D8-43ACE24C06C9}.Debug|Any CPU.Build.0 = Debug|Any CPU
		{187D6C02-6334-4536-87D8-43ACE24C06C9}.Release|Any CPU.ActiveCfg = Release|Any CPU
		{187D6C02-6334-4536-87D8-43ACE24C06C9}.Release|Any CPU.Build.0 = Release|Any CPU
		{8615B19B-2D1F-4C36-BF1E-7FD03856F330}.Debug|Any CPU.ActiveCfg = Debug|Any CPU
		{8615B19B-2D1F-4C36-BF1E-7FD03856F330}.Debug|Any CPU.Build.0 = Debug|Any CPU
		{8615B19B-2D1F-4C36-BF1E-7FD03856F330}.Release|Any CPU.ActiveCfg = Release|Any CPU
		{8615B19B-2D1F-4C36-BF1E-7FD03856F330}.Release|Any CPU.Build.0 = Release|Any CPU
		{C3E8B69B-39C2-4623-B043-73DB7B6CC5D8}.Debug|Any CPU.ActiveCfg = Debug|Any CPU
		{C3E8B69B-39C2-4623-B043-73DB7B6CC5D8}.Debug|Any CPU.Build.0 = Debug|Any CPU
		{C3E8B69B-39C2-4623-B043-73DB7B6CC5D8}.Release|Any CPU.ActiveCfg = Release|Any CPU
		{C3E8B69B-39C2-4623-B043-73DB7B6CC5D8}.Release|Any CPU.Build.0 = Release|Any CPU
		{8DB15B6F-24C4-4F9A-96FB-AEAE8FA2B491}.Debug|Any CPU.ActiveCfg = Debug|Any CPU
		{8DB15B6F-24C4-4F9A-96FB-AEAE8FA2B491}.Debug|Any CPU.Build.0 = Debug|Any CPU
		{8DB15B6F-24C4-4F9A-96FB-AEAE8FA2B491}.Release|Any CPU.ActiveCfg = Release|Any CPU
		{8DB15B6F-24C4-4F9A-96FB-AEAE8FA2B491}.Release|Any CPU.Build.0 = Release|Any CPU
		{6440F8FC-C00F-48D0-858F-E9424A03F351}.Debug|Any CPU.ActiveCfg = Debug|Any CPU
		{6440F8FC-C00F-48D0-858F-E9424A03F351}.Debug|Any CPU.Build.0 = Debug|Any CPU
		{6440F8FC-C00F-48D0-858F-E9424A03F351}.Release|Any CPU.ActiveCfg = Release|Any CPU
		{6440F8FC-C00F-48D0-858F-E9424A03F351}.Release|Any CPU.Build.0 = Release|Any CPU
		{1B0F59CE-C2BB-46DE-9C75-712A850E45CD}.Debug|Any CPU.ActiveCfg = Debug|Any CPU
		{1B0F59CE-C2BB-46DE-9C75-712A850E45CD}.Debug|Any CPU.Build.0 = Debug|Any CPU
		{1B0F59CE-C2BB-46DE-9C75-712A850E45CD}.Release|Any CPU.ActiveCfg = Release|Any CPU
		{1B0F59CE-C2BB-46DE-9C75-712A850E45CD}.Release|Any CPU.Build.0 = Release|Any CPU
	EndGlobalSection
EndGlobal
